
Microsoft Visual Studio Solution File, Format Version 12.00
# Visual Studio 15
VisualStudioVersion = 15.0.28010.2046
MinimumVisualStudioVersion = 10.0.40219.1
Project("{FAE04EC0-301F-11D3-BF4B-00C04F79EFBC}") = "ServerConsoleNew", "ServerConsoleNew\ServerConsoleNew.csproj", "{3D0EADA3-8359-4039-A792-49F12A3EA4C8}"
EndProject
Global
	GlobalSection(SolutionConfigurationPlatforms) = preSolution
		Debug|Any CPU = Debug|Any CPU
		Release|Any CPU = Release|Any CPU
	EndGlobalSection
	GlobalSection(ProjectConfigurationPlatforms) = postSolution
		{3D0EADA3-8359-4039-A792-49F12A3EA4C8}.Debug|Any CPU.ActiveCfg = Debug|Any CPU
		{3D0EADA3-8359-4039-A792-49F12A3EA4C8}.Debug|Any CPU.Build.0 = Debug|Any CPU
		{3D0EADA3-8359-4039-A792-49F12A3EA4C8}.Release|Any CPU.ActiveCfg = Release|Any CPU
		{3D0EADA3-8359-4039-A792-49F12A3EA4C8}.Release|Any CPU.Build.0 = Release|Any CPU
	EndGlobalSection
	GlobalSection(SolutionProperties) = preSolution
		HideSolutionNode = FALSE
	EndGlobalSection
	GlobalSection(ExtensibilityGlobals) = postSolution
		SolutionGuid = {48983792-86A4-4318-B785-1D2F6FAAE68A}
	EndGlobalSection
EndGlobal
